// !$*UTF8*$!
{
	archiveVersion = 1;
	classes = {
	};
	objectVersion = 55;
	objects = {

/* Begin PBXBuildFile section */
		6A292D4E28F385670068C727 /* AppDelegate.swift in Sources */ = {isa = PBXBuildFile; fileRef = 6A292D4D28F385670068C727 /* AppDelegate.swift */; };
		6A292D5028F385670068C727 /* SceneDelegate.swift in Sources */ = {isa = PBXBuildFile; fileRef = 6A292D4F28F385670068C727 /* SceneDelegate.swift */; };
		6A292D5228F385670068C727 /* ViewController.swift in Sources */ = {isa = PBXBuildFile; fileRef = 6A292D5128F385670068C727 /* ViewController.swift */; };
		6A292D5528F385670068C727 /* Main.storyboard in Resources */ = {isa = PBXBuildFile; fileRef = 6A292D5328F385670068C727 /* Main.storyboard */; };
		6A292D5728F385680068C727 /* Assets.xcassets in Resources */ = {isa = PBXBuildFile; fileRef = 6A292D5628F385680068C727 /* Assets.xcassets */; };
		6A292D5A28F385680068C727 /* LaunchScreen.storyboard in Resources */ = {isa = PBXBuildFile; fileRef = 6A292D5828F385680068C727 /* LaunchScreen.storyboard */; };
		6A2E990D29107089006D06DF /* DeleteAccountViewController.swift in Sources */ = {isa = PBXBuildFile; fileRef = 6A2E990C29107089006D06DF /* DeleteAccountViewController.swift */; };
		6A2E990F29108A7B006D06DF /* SignInListenerViewController.swift in Sources */ = {isa = PBXBuildFile; fileRef = 6A2E990E29108A7B006D06DF /* SignInListenerViewController.swift */; };
		6A2E991129108F9A006D06DF /* SignOutListenerViewController.swift in Sources */ = {isa = PBXBuildFile; fileRef = 6A2E991029108F9A006D06DF /* SignOutListenerViewController.swift */; };
		6A34E9F328FF391D00699A74 /* SettingsViewController.swift in Sources */ = {isa = PBXBuildFile; fileRef = 6A34E9F228FF391D00699A74 /* SettingsViewController.swift */; };
		6A9DA6EF28F9280800B36BE6 /* SignUpViewController.swift in Sources */ = {isa = PBXBuildFile; fileRef = 6A9DA6EE28F9280800B36BE6 /* SignUpViewController.swift */; };
		6AB1F08E2919D81900F94C5C /* AddCommentViewController.swift in Sources */ = {isa = PBXBuildFile; fileRef = 6AB1F08D2919D81900F94C5C /* AddCommentViewController.swift */; };
		6AFAD74928FFADDD0048EB2F /* IQTextView.swift in Sources */ = {isa = PBXBuildFile; fileRef = 6AFAD72E28FFADDD0048EB2F /* IQTextView.swift */; };
		6AFAD74A28FFADDD0048EB2F /* IQKeyboardManager+Internal.swift in Sources */ = {isa = PBXBuildFile; fileRef = 6AFAD72F28FFADDD0048EB2F /* IQKeyboardManager+Internal.swift */; };
		6AFAD74B28FFADDD0048EB2F /* IQPreviousNextView.swift in Sources */ = {isa = PBXBuildFile; fileRef = 6AFAD73128FFADDD0048EB2F /* IQPreviousNextView.swift */; };
		6AFAD74C28FFADDD0048EB2F /* IQTitleBarButtonItem.swift in Sources */ = {isa = PBXBuildFile; fileRef = 6AFAD73228FFADDD0048EB2F /* IQTitleBarButtonItem.swift */; };
		6AFAD74D28FFADDD0048EB2F /* IQBarButtonItem.swift in Sources */ = {isa = PBXBuildFile; fileRef = 6AFAD73328FFADDD0048EB2F /* IQBarButtonItem.swift */; };
		6AFAD74E28FFADDD0048EB2F /* IQToolbar.swift in Sources */ = {isa = PBXBuildFile; fileRef = 6AFAD73428FFADDD0048EB2F /* IQToolbar.swift */; };
		6AFAD74F28FFADDD0048EB2F /* IQUIView+IQKeyboardToolbar.swift in Sources */ = {isa = PBXBuildFile; fileRef = 6AFAD73528FFADDD0048EB2F /* IQUIView+IQKeyboardToolbar.swift */; };
		6AFAD75028FFADDD0048EB2F /* IQInvocation.swift in Sources */ = {isa = PBXBuildFile; fileRef = 6AFAD73628FFADDD0048EB2F /* IQInvocation.swift */; };
		6AFAD75128FFADDD0048EB2F /* IQKeyboardManager+UIKeyboardNotification.swift in Sources */ = {isa = PBXBuildFile; fileRef = 6AFAD73728FFADDD0048EB2F /* IQKeyboardManager+UIKeyboardNotification.swift */; };
		6AFAD75228FFADDD0048EB2F /* IQKeyboardManagerConstantsInternal.swift in Sources */ = {isa = PBXBuildFile; fileRef = 6AFAD73928FFADDD0048EB2F /* IQKeyboardManagerConstantsInternal.swift */; };
		6AFAD75328FFADDD0048EB2F /* IQKeyboardManagerConstants.swift in Sources */ = {isa = PBXBuildFile; fileRef = 6AFAD73A28FFADDD0048EB2F /* IQKeyboardManagerConstants.swift */; };
		6AFAD75428FFADDD0048EB2F /* IQKeyboardManager+Position.swift in Sources */ = {isa = PBXBuildFile; fileRef = 6AFAD73B28FFADDD0048EB2F /* IQKeyboardManager+Position.swift */; };
		6AFAD75528FFADDD0048EB2F /* IQKeyboardReturnKeyHandler.swift in Sources */ = {isa = PBXBuildFile; fileRef = 6AFAD73C28FFADDD0048EB2F /* IQKeyboardReturnKeyHandler.swift */; };
		6AFAD75628FFADDD0048EB2F /* IQKeyboardManager.swift in Sources */ = {isa = PBXBuildFile; fileRef = 6AFAD73D28FFADDD0048EB2F /* IQKeyboardManager.swift */; };
		6AFAD75728FFADDD0048EB2F /* IQKeyboardManager+Debug.swift in Sources */ = {isa = PBXBuildFile; fileRef = 6AFAD73E28FFADDD0048EB2F /* IQKeyboardManager+Debug.swift */; };
		6AFAD75828FFADDD0048EB2F /* IQKeyboardManager+OrientationNotification.swift in Sources */ = {isa = PBXBuildFile; fileRef = 6AFAD73F28FFADDD0048EB2F /* IQKeyboardManager+OrientationNotification.swift */; };
		6AFAD75928FFADDD0048EB2F /* IQKeyboardManager+Toolbar.swift in Sources */ = {isa = PBXBuildFile; fileRef = 6AFAD74028FFADDD0048EB2F /* IQKeyboardManager+Toolbar.swift */; };
		6AFAD75A28FFADDD0048EB2F /* IQUIScrollView+Additions.swift in Sources */ = {isa = PBXBuildFile; fileRef = 6AFAD74328FFADDD0048EB2F /* IQUIScrollView+Additions.swift */; };
		6AFAD75B28FFADDD0048EB2F /* IQUIViewController+Additions.swift in Sources */ = {isa = PBXBuildFile; fileRef = 6AFAD74428FFADDD0048EB2F /* IQUIViewController+Additions.swift */; };
		6AFAD75C28FFADDD0048EB2F /* IQUITextFieldView+Additions.swift in Sources */ = {isa = PBXBuildFile; fileRef = 6AFAD74528FFADDD0048EB2F /* IQUITextFieldView+Additions.swift */; };
		6AFAD75D28FFADDD0048EB2F /* IQUIView+Hierarchy.swift in Sources */ = {isa = PBXBuildFile; fileRef = 6AFAD74628FFADDD0048EB2F /* IQUIView+Hierarchy.swift */; };
		6AFAD75E28FFADDD0048EB2F /* IQNSArray+Sort.swift in Sources */ = {isa = PBXBuildFile; fileRef = 6AFAD74728FFADDD0048EB2F /* IQNSArray+Sort.swift */; };
		6AFAD75F28FFADDD0048EB2F /* IQKeyboardManager+UITextFieldViewNotification.swift in Sources */ = {isa = PBXBuildFile; fileRef = 6AFAD74828FFADDD0048EB2F /* IQKeyboardManager+UITextFieldViewNotification.swift */; };
		6AFAD76128FFADE60048EB2F /* PostCreationViewController.swift in Sources */ = {isa = PBXBuildFile; fileRef = 6AFAD76028FFADE60048EB2F /* PostCreationViewController.swift */; };
		6AFAD76328FFAE790048EB2F /* GoogleService-Info.plist in Resources */ = {isa = PBXBuildFile; fileRef = 6AFAD76228FFAE790048EB2F /* GoogleService-Info.plist */; };
		6AFAD76628FFAEDF0048EB2F /* FirebaseAuth in Frameworks */ = {isa = PBXBuildFile; productRef = 6AFAD76528FFAEDF0048EB2F /* FirebaseAuth */; };
		6AFAD76828FFAEDF0048EB2F /* FirebaseFirestore in Frameworks */ = {isa = PBXBuildFile; productRef = 6AFAD76728FFAEDF0048EB2F /* FirebaseFirestore */; };
		886D467F28FA3D6000CB59FB /* FeedViewController.swift in Sources */ = {isa = PBXBuildFile; fileRef = 886D467E28FA3D6000CB59FB /* FeedViewController.swift */; };
		886D468128FE2B6400CB59FB /* HomeTabBarController.swift in Sources */ = {isa = PBXBuildFile; fileRef = 886D468028FE2B6400CB59FB /* HomeTabBarController.swift */; };
		886D468328FE4CBB00CB59FB /* Post.swift in Sources */ = {isa = PBXBuildFile; fileRef = 886D468228FE4CBB00CB59FB /* Post.swift */; };
		886D468528FE5AFD00CB59FB /* PostViewController.swift in Sources */ = {isa = PBXBuildFile; fileRef = 886D468428FE5AFD00CB59FB /* PostViewController.swift */; };
		886D468728FF51F800CB59FB /* Comment.swift in Sources */ = {isa = PBXBuildFile; fileRef = 886D468628FF51F800CB59FB /* Comment.swift */; };
		886D468D28FF823700CB59FB /* PostCardViewController.swift in Sources */ = {isa = PBXBuildFile; fileRef = 886D468C28FF823700CB59FB /* PostCardViewController.swift */; };
		88751CAC2917348A00C88B18 /* UIViewControllerExtensions.swift in Sources */ = {isa = PBXBuildFile; fileRef = 88751CAB2917348A00C88B18 /* UIViewControllerExtensions.swift */; };
		88A231842919C37F00755476 /* ErrorMessage.swift in Sources */ = {isa = PBXBuildFile; fileRef = 88A231832919C37F00755476 /* ErrorMessage.swift */; };
		88A231902919C44A00755476 /* FirebaseStorage in Frameworks */ = {isa = PBXBuildFile; productRef = 88A2318F2919C44A00755476 /* FirebaseStorage */; };
		88A231922919C57F00755476 /* UIButtonExtensions.swift in Sources */ = {isa = PBXBuildFile; fileRef = 88A231912919C57F00755476 /* UIButtonExtensions.swift */; };
		88A231942919C77000755476 /* UIImageExtensions.swift in Sources */ = {isa = PBXBuildFile; fileRef = 88A231932919C77000755476 /* UIImageExtensions.swift */; };
		88B52FE428F92A6C00A0BE08 /* LoginViewController.swift in Sources */ = {isa = PBXBuildFile; fileRef = 88B52FE328F92A6C00A0BE08 /* LoginViewController.swift */; };
		9C24794128FF429200AF9264 /* ProfileViewController.swift in Sources */ = {isa = PBXBuildFile; fileRef = 9C24794028FF429200AF9264 /* ProfileViewController.swift */; };
		9C24794328FF519E00AF9264 /* User.swift in Sources */ = {isa = PBXBuildFile; fileRef = 9C24794228FF519E00AF9264 /* User.swift */; };
		9C5E1FF428FF6E2E008A3DDB /* AboutViewController.swift in Sources */ = {isa = PBXBuildFile; fileRef = 9C5E1FF328FF6E2E008A3DDB /* AboutViewController.swift */; };
/* End PBXBuildFile section */

/* Begin PBXFileReference section */
		6A292D4A28F385670068C727 /* crumbs.app */ = {isa = PBXFileReference; explicitFileType = wrapper.application; includeInIndex = 0; path = crumbs.app; sourceTree = BUILT_PRODUCTS_DIR; };
		6A292D4D28F385670068C727 /* AppDelegate.swift */ = {isa = PBXFileReference; lastKnownFileType = sourcecode.swift; path = AppDelegate.swift; sourceTree = "<group>"; };
		6A292D4F28F385670068C727 /* SceneDelegate.swift */ = {isa = PBXFileReference; lastKnownFileType = sourcecode.swift; path = SceneDelegate.swift; sourceTree = "<group>"; };
		6A292D5128F385670068C727 /* ViewController.swift */ = {isa = PBXFileReference; lastKnownFileType = sourcecode.swift; path = ViewController.swift; sourceTree = "<group>"; };
		6A292D5428F385670068C727 /* Base */ = {isa = PBXFileReference; lastKnownFileType = file.storyboard; name = Base; path = Base.lproj/Main.storyboard; sourceTree = "<group>"; };
		6A292D5628F385680068C727 /* Assets.xcassets */ = {isa = PBXFileReference; lastKnownFileType = folder.assetcatalog; path = Assets.xcassets; sourceTree = "<group>"; };
		6A292D5928F385680068C727 /* Base */ = {isa = PBXFileReference; lastKnownFileType = file.storyboard; name = Base; path = Base.lproj/LaunchScreen.storyboard; sourceTree = "<group>"; };
		6A292D5B28F385680068C727 /* Info.plist */ = {isa = PBXFileReference; lastKnownFileType = text.plist.xml; path = Info.plist; sourceTree = "<group>"; };
		6A2E990C29107089006D06DF /* DeleteAccountViewController.swift */ = {isa = PBXFileReference; lastKnownFileType = sourcecode.swift; path = DeleteAccountViewController.swift; sourceTree = "<group>"; };
		6A2E990E29108A7B006D06DF /* SignInListenerViewController.swift */ = {isa = PBXFileReference; lastKnownFileType = sourcecode.swift; path = SignInListenerViewController.swift; sourceTree = "<group>"; };
		6A2E991029108F9A006D06DF /* SignOutListenerViewController.swift */ = {isa = PBXFileReference; lastKnownFileType = sourcecode.swift; path = SignOutListenerViewController.swift; sourceTree = "<group>"; };
		6A34E9F228FF391D00699A74 /* SettingsViewController.swift */ = {isa = PBXFileReference; lastKnownFileType = sourcecode.swift; path = SettingsViewController.swift; sourceTree = "<group>"; };
		6A9DA6EE28F9280800B36BE6 /* SignUpViewController.swift */ = {isa = PBXFileReference; lastKnownFileType = sourcecode.swift; path = SignUpViewController.swift; sourceTree = "<group>"; };
		6AB1F08D2919D81900F94C5C /* AddCommentViewController.swift */ = {isa = PBXFileReference; lastKnownFileType = sourcecode.swift; path = AddCommentViewController.swift; sourceTree = "<group>"; };
		6AFAD72E28FFADDD0048EB2F /* IQTextView.swift */ = {isa = PBXFileReference; fileEncoding = 4; lastKnownFileType = sourcecode.swift; path = IQTextView.swift; sourceTree = "<group>"; };
		6AFAD72F28FFADDD0048EB2F /* IQKeyboardManager+Internal.swift */ = {isa = PBXFileReference; fileEncoding = 4; lastKnownFileType = sourcecode.swift; path = "IQKeyboardManager+Internal.swift"; sourceTree = "<group>"; };
		6AFAD73128FFADDD0048EB2F /* IQPreviousNextView.swift */ = {isa = PBXFileReference; fileEncoding = 4; lastKnownFileType = sourcecode.swift; path = IQPreviousNextView.swift; sourceTree = "<group>"; };
		6AFAD73228FFADDD0048EB2F /* IQTitleBarButtonItem.swift */ = {isa = PBXFileReference; fileEncoding = 4; lastKnownFileType = sourcecode.swift; path = IQTitleBarButtonItem.swift; sourceTree = "<group>"; };
		6AFAD73328FFADDD0048EB2F /* IQBarButtonItem.swift */ = {isa = PBXFileReference; fileEncoding = 4; lastKnownFileType = sourcecode.swift; path = IQBarButtonItem.swift; sourceTree = "<group>"; };
		6AFAD73428FFADDD0048EB2F /* IQToolbar.swift */ = {isa = PBXFileReference; fileEncoding = 4; lastKnownFileType = sourcecode.swift; path = IQToolbar.swift; sourceTree = "<group>"; };
		6AFAD73528FFADDD0048EB2F /* IQUIView+IQKeyboardToolbar.swift */ = {isa = PBXFileReference; fileEncoding = 4; lastKnownFileType = sourcecode.swift; path = "IQUIView+IQKeyboardToolbar.swift"; sourceTree = "<group>"; };
		6AFAD73628FFADDD0048EB2F /* IQInvocation.swift */ = {isa = PBXFileReference; fileEncoding = 4; lastKnownFileType = sourcecode.swift; path = IQInvocation.swift; sourceTree = "<group>"; };
		6AFAD73728FFADDD0048EB2F /* IQKeyboardManager+UIKeyboardNotification.swift */ = {isa = PBXFileReference; fileEncoding = 4; lastKnownFileType = sourcecode.swift; path = "IQKeyboardManager+UIKeyboardNotification.swift"; sourceTree = "<group>"; };
		6AFAD73928FFADDD0048EB2F /* IQKeyboardManagerConstantsInternal.swift */ = {isa = PBXFileReference; fileEncoding = 4; lastKnownFileType = sourcecode.swift; path = IQKeyboardManagerConstantsInternal.swift; sourceTree = "<group>"; };
		6AFAD73A28FFADDD0048EB2F /* IQKeyboardManagerConstants.swift */ = {isa = PBXFileReference; fileEncoding = 4; lastKnownFileType = sourcecode.swift; path = IQKeyboardManagerConstants.swift; sourceTree = "<group>"; };
		6AFAD73B28FFADDD0048EB2F /* IQKeyboardManager+Position.swift */ = {isa = PBXFileReference; fileEncoding = 4; lastKnownFileType = sourcecode.swift; path = "IQKeyboardManager+Position.swift"; sourceTree = "<group>"; };
		6AFAD73C28FFADDD0048EB2F /* IQKeyboardReturnKeyHandler.swift */ = {isa = PBXFileReference; fileEncoding = 4; lastKnownFileType = sourcecode.swift; path = IQKeyboardReturnKeyHandler.swift; sourceTree = "<group>"; };
		6AFAD73D28FFADDD0048EB2F /* IQKeyboardManager.swift */ = {isa = PBXFileReference; fileEncoding = 4; lastKnownFileType = sourcecode.swift; path = IQKeyboardManager.swift; sourceTree = "<group>"; };
		6AFAD73E28FFADDD0048EB2F /* IQKeyboardManager+Debug.swift */ = {isa = PBXFileReference; fileEncoding = 4; lastKnownFileType = sourcecode.swift; path = "IQKeyboardManager+Debug.swift"; sourceTree = "<group>"; };
		6AFAD73F28FFADDD0048EB2F /* IQKeyboardManager+OrientationNotification.swift */ = {isa = PBXFileReference; fileEncoding = 4; lastKnownFileType = sourcecode.swift; path = "IQKeyboardManager+OrientationNotification.swift"; sourceTree = "<group>"; };
		6AFAD74028FFADDD0048EB2F /* IQKeyboardManager+Toolbar.swift */ = {isa = PBXFileReference; fileEncoding = 4; lastKnownFileType = sourcecode.swift; path = "IQKeyboardManager+Toolbar.swift"; sourceTree = "<group>"; };
		6AFAD74128FFADDD0048EB2F /* IQKeyboardManagerSwift.h */ = {isa = PBXFileReference; fileEncoding = 4; lastKnownFileType = sourcecode.c.h; path = IQKeyboardManagerSwift.h; sourceTree = "<group>"; };
		6AFAD74328FFADDD0048EB2F /* IQUIScrollView+Additions.swift */ = {isa = PBXFileReference; fileEncoding = 4; lastKnownFileType = sourcecode.swift; path = "IQUIScrollView+Additions.swift"; sourceTree = "<group>"; };
		6AFAD74428FFADDD0048EB2F /* IQUIViewController+Additions.swift */ = {isa = PBXFileReference; fileEncoding = 4; lastKnownFileType = sourcecode.swift; path = "IQUIViewController+Additions.swift"; sourceTree = "<group>"; };
		6AFAD74528FFADDD0048EB2F /* IQUITextFieldView+Additions.swift */ = {isa = PBXFileReference; fileEncoding = 4; lastKnownFileType = sourcecode.swift; path = "IQUITextFieldView+Additions.swift"; sourceTree = "<group>"; };
		6AFAD74628FFADDD0048EB2F /* IQUIView+Hierarchy.swift */ = {isa = PBXFileReference; fileEncoding = 4; lastKnownFileType = sourcecode.swift; path = "IQUIView+Hierarchy.swift"; sourceTree = "<group>"; };
		6AFAD74728FFADDD0048EB2F /* IQNSArray+Sort.swift */ = {isa = PBXFileReference; fileEncoding = 4; lastKnownFileType = sourcecode.swift; path = "IQNSArray+Sort.swift"; sourceTree = "<group>"; };
		6AFAD74828FFADDD0048EB2F /* IQKeyboardManager+UITextFieldViewNotification.swift */ = {isa = PBXFileReference; fileEncoding = 4; lastKnownFileType = sourcecode.swift; path = "IQKeyboardManager+UITextFieldViewNotification.swift"; sourceTree = "<group>"; };
		6AFAD76028FFADE60048EB2F /* PostCreationViewController.swift */ = {isa = PBXFileReference; fileEncoding = 4; lastKnownFileType = sourcecode.swift; path = PostCreationViewController.swift; sourceTree = "<group>"; };
		6AFAD76228FFAE790048EB2F /* GoogleService-Info.plist */ = {isa = PBXFileReference; lastKnownFileType = text.plist.xml; path = "GoogleService-Info.plist"; sourceTree = "<group>"; };
		886D467E28FA3D6000CB59FB /* FeedViewController.swift */ = {isa = PBXFileReference; lastKnownFileType = sourcecode.swift; path = FeedViewController.swift; sourceTree = "<group>"; };
		886D468028FE2B6400CB59FB /* HomeTabBarController.swift */ = {isa = PBXFileReference; lastKnownFileType = sourcecode.swift; path = HomeTabBarController.swift; sourceTree = "<group>"; };
		886D468228FE4CBB00CB59FB /* Post.swift */ = {isa = PBXFileReference; lastKnownFileType = sourcecode.swift; path = Post.swift; sourceTree = "<group>"; };
		886D468428FE5AFD00CB59FB /* PostViewController.swift */ = {isa = PBXFileReference; lastKnownFileType = sourcecode.swift; path = PostViewController.swift; sourceTree = "<group>"; };
		886D468628FF51F800CB59FB /* Comment.swift */ = {isa = PBXFileReference; lastKnownFileType = sourcecode.swift; path = Comment.swift; sourceTree = "<group>"; };
		886D468C28FF823700CB59FB /* PostCardViewController.swift */ = {isa = PBXFileReference; lastKnownFileType = sourcecode.swift; path = PostCardViewController.swift; sourceTree = "<group>"; };
		88751CAB2917348A00C88B18 /* UIViewControllerExtensions.swift */ = {isa = PBXFileReference; lastKnownFileType = sourcecode.swift; path = UIViewControllerExtensions.swift; sourceTree = "<group>"; };
		88A231832919C37F00755476 /* ErrorMessage.swift */ = {isa = PBXFileReference; fileEncoding = 4; lastKnownFileType = sourcecode.swift; path = ErrorMessage.swift; sourceTree = "<group>"; };
		88A231912919C57F00755476 /* UIButtonExtensions.swift */ = {isa = PBXFileReference; lastKnownFileType = sourcecode.swift; path = UIButtonExtensions.swift; sourceTree = "<group>"; };
		88A231932919C77000755476 /* UIImageExtensions.swift */ = {isa = PBXFileReference; lastKnownFileType = sourcecode.swift; path = UIImageExtensions.swift; sourceTree = "<group>"; };
		88B52FE328F92A6C00A0BE08 /* LoginViewController.swift */ = {isa = PBXFileReference; lastKnownFileType = sourcecode.swift; path = LoginViewController.swift; sourceTree = "<group>"; };
		9C24794028FF429200AF9264 /* ProfileViewController.swift */ = {isa = PBXFileReference; lastKnownFileType = sourcecode.swift; path = ProfileViewController.swift; sourceTree = "<group>"; };
		9C24794228FF519E00AF9264 /* User.swift */ = {isa = PBXFileReference; lastKnownFileType = sourcecode.swift; path = User.swift; sourceTree = "<group>"; };
		9C5E1FF328FF6E2E008A3DDB /* AboutViewController.swift */ = {isa = PBXFileReference; lastKnownFileType = sourcecode.swift; path = AboutViewController.swift; sourceTree = "<group>"; };
/* End PBXFileReference section */

/* Begin PBXFrameworksBuildPhase section */
		6A292D4728F385670068C727 /* Frameworks */ = {
			isa = PBXFrameworksBuildPhase;
			buildActionMask = 2147483647;
			files = (
				6AFAD76628FFAEDF0048EB2F /* FirebaseAuth in Frameworks */,
				6AFAD76828FFAEDF0048EB2F /* FirebaseFirestore in Frameworks */,
				88A231902919C44A00755476 /* FirebaseStorage in Frameworks */,
			);
			runOnlyForDeploymentPostprocessing = 0;
		};
/* End PBXFrameworksBuildPhase section */

/* Begin PBXGroup section */
		6A292D4128F385670068C727 = {
			isa = PBXGroup;
			children = (
				6A292D4C28F385670068C727 /* crumbs */,
				6A292D4B28F385670068C727 /* Products */,
			);
			sourceTree = "<group>";
		};
		6A292D4B28F385670068C727 /* Products */ = {
			isa = PBXGroup;
			children = (
				6A292D4A28F385670068C727 /* crumbs.app */,
			);
			name = Products;
			sourceTree = "<group>";
		};
		6A292D4C28F385670068C727 /* crumbs */ = {
			isa = PBXGroup;
			children = (
				88A231832919C37F00755476 /* ErrorMessage.swift */,
				6AFAD76028FFADE60048EB2F /* PostCreationViewController.swift */,
				6AFAD72C28FFADDD0048EB2F /* IQKeyboardManagerSwift */,
				6A292D4D28F385670068C727 /* AppDelegate.swift */,
				6AFAD76228FFAE790048EB2F /* GoogleService-Info.plist */,
				6A292D4F28F385670068C727 /* SceneDelegate.swift */,
				6A292D5128F385670068C727 /* ViewController.swift */,
				6A292D5328F385670068C727 /* Main.storyboard */,
				6A34E9F228FF391D00699A74 /* SettingsViewController.swift */,
				6A2E990C29107089006D06DF /* DeleteAccountViewController.swift */,
				88B52FE328F92A6C00A0BE08 /* LoginViewController.swift */,
				6A2E990E29108A7B006D06DF /* SignInListenerViewController.swift */,
				6A2E991029108F9A006D06DF /* SignOutListenerViewController.swift */,
				6A9DA6EE28F9280800B36BE6 /* SignUpViewController.swift */,
				6A292D5628F385680068C727 /* Assets.xcassets */,
				6A292D5828F385680068C727 /* LaunchScreen.storyboard */,
				6A292D5B28F385680068C727 /* Info.plist */,
				886D467E28FA3D6000CB59FB /* FeedViewController.swift */,
				886D468028FE2B6400CB59FB /* HomeTabBarController.swift */,
				886D468228FE4CBB00CB59FB /* Post.swift */,
				9C24794028FF429200AF9264 /* ProfileViewController.swift */,
				9C24794228FF519E00AF9264 /* User.swift */,
				9C5E1FF328FF6E2E008A3DDB /* AboutViewController.swift */,
				886D468428FE5AFD00CB59FB /* PostViewController.swift */,
				6AB1F08D2919D81900F94C5C /* AddCommentViewController.swift */,
				886D468628FF51F800CB59FB /* Comment.swift */,
				886D468C28FF823700CB59FB /* PostCardViewController.swift */,
				88751CAB2917348A00C88B18 /* UIViewControllerExtensions.swift */,
				88A231912919C57F00755476 /* UIButtonExtensions.swift */,
				88A231932919C77000755476 /* UIImageExtensions.swift */,
			);
			path = crumbs;
			sourceTree = "<group>";
		};
		6AFAD72C28FFADDD0048EB2F /* IQKeyboardManagerSwift */ = {
			isa = PBXGroup;
			children = (
				6AFAD72D28FFADDD0048EB2F /* IQTextView */,
				6AFAD72F28FFADDD0048EB2F /* IQKeyboardManager+Internal.swift */,
				6AFAD73028FFADDD0048EB2F /* IQToolbar */,
				6AFAD73728FFADDD0048EB2F /* IQKeyboardManager+UIKeyboardNotification.swift */,
				6AFAD73828FFADDD0048EB2F /* Constants */,
				6AFAD73B28FFADDD0048EB2F /* IQKeyboardManager+Position.swift */,
				6AFAD73C28FFADDD0048EB2F /* IQKeyboardReturnKeyHandler.swift */,
				6AFAD73D28FFADDD0048EB2F /* IQKeyboardManager.swift */,
				6AFAD73E28FFADDD0048EB2F /* IQKeyboardManager+Debug.swift */,
				6AFAD73F28FFADDD0048EB2F /* IQKeyboardManager+OrientationNotification.swift */,
				6AFAD74028FFADDD0048EB2F /* IQKeyboardManager+Toolbar.swift */,
				6AFAD74128FFADDD0048EB2F /* IQKeyboardManagerSwift.h */,
				6AFAD74228FFADDD0048EB2F /* Categories */,
				6AFAD74828FFADDD0048EB2F /* IQKeyboardManager+UITextFieldViewNotification.swift */,
			);
			path = IQKeyboardManagerSwift;
			sourceTree = "<group>";
		};
		6AFAD72D28FFADDD0048EB2F /* IQTextView */ = {
			isa = PBXGroup;
			children = (
				6AFAD72E28FFADDD0048EB2F /* IQTextView.swift */,
			);
			path = IQTextView;
			sourceTree = "<group>";
		};
		6AFAD73028FFADDD0048EB2F /* IQToolbar */ = {
			isa = PBXGroup;
			children = (
				6AFAD73128FFADDD0048EB2F /* IQPreviousNextView.swift */,
				6AFAD73228FFADDD0048EB2F /* IQTitleBarButtonItem.swift */,
				6AFAD73328FFADDD0048EB2F /* IQBarButtonItem.swift */,
				6AFAD73428FFADDD0048EB2F /* IQToolbar.swift */,
				6AFAD73528FFADDD0048EB2F /* IQUIView+IQKeyboardToolbar.swift */,
				6AFAD73628FFADDD0048EB2F /* IQInvocation.swift */,
			);
			path = IQToolbar;
			sourceTree = "<group>";
		};
		6AFAD73828FFADDD0048EB2F /* Constants */ = {
			isa = PBXGroup;
			children = (
				6AFAD73928FFADDD0048EB2F /* IQKeyboardManagerConstantsInternal.swift */,
				6AFAD73A28FFADDD0048EB2F /* IQKeyboardManagerConstants.swift */,
			);
			path = Constants;
			sourceTree = "<group>";
		};
		6AFAD74228FFADDD0048EB2F /* Categories */ = {
			isa = PBXGroup;
			children = (
				6AFAD74328FFADDD0048EB2F /* IQUIScrollView+Additions.swift */,
				6AFAD74428FFADDD0048EB2F /* IQUIViewController+Additions.swift */,
				6AFAD74528FFADDD0048EB2F /* IQUITextFieldView+Additions.swift */,
				6AFAD74628FFADDD0048EB2F /* IQUIView+Hierarchy.swift */,
				6AFAD74728FFADDD0048EB2F /* IQNSArray+Sort.swift */,
			);
			path = Categories;
			sourceTree = "<group>";
		};
/* End PBXGroup section */

/* Begin PBXNativeTarget section */
		6A292D4928F385670068C727 /* crumbs */ = {
			isa = PBXNativeTarget;
			buildConfigurationList = 6A292D5E28F385680068C727 /* Build configuration list for PBXNativeTarget "crumbs" */;
			buildPhases = (
				6A292D4628F385670068C727 /* Sources */,
				6A292D4728F385670068C727 /* Frameworks */,
				6A292D4828F385670068C727 /* Resources */,
			);
			buildRules = (
			);
			dependencies = (
			);
			name = crumbs;
			packageProductDependencies = (
				6AFAD76528FFAEDF0048EB2F /* FirebaseAuth */,
				6AFAD76728FFAEDF0048EB2F /* FirebaseFirestore */,
				88A2318F2919C44A00755476 /* FirebaseStorage */,
			);
			productName = crumbs;
			productReference = 6A292D4A28F385670068C727 /* crumbs.app */;
			productType = "com.apple.product-type.application";
		};
/* End PBXNativeTarget section */

/* Begin PBXProject section */
		6A292D4228F385670068C727 /* Project object */ = {
			isa = PBXProject;
			attributes = {
				BuildIndependentTargetsInParallel = 1;
				LastSwiftUpdateCheck = 1340;
				LastUpgradeCheck = 1340;
				TargetAttributes = {
					6A292D4928F385670068C727 = {
						CreatedOnToolsVersion = 13.4.1;
					};
				};
			};
			buildConfigurationList = 6A292D4528F385670068C727 /* Build configuration list for PBXProject "crumbs" */;
			compatibilityVersion = "Xcode 13.0";
			developmentRegion = en;
			hasScannedForEncodings = 0;
			knownRegions = (
				en,
				Base,
			);
			mainGroup = 6A292D4128F385670068C727;
			packageReferences = (
				6AFAD76428FFAEDF0048EB2F /* XCRemoteSwiftPackageReference "firebase-ios-sdk" */,
			);
			productRefGroup = 6A292D4B28F385670068C727 /* Products */;
			projectDirPath = "";
			projectRoot = "";
			targets = (
				6A292D4928F385670068C727 /* crumbs */,
			);
		};
/* End PBXProject section */

/* Begin PBXResourcesBuildPhase section */
		6A292D4828F385670068C727 /* Resources */ = {
			isa = PBXResourcesBuildPhase;
			buildActionMask = 2147483647;
			files = (
				6A292D5A28F385680068C727 /* LaunchScreen.storyboard in Resources */,
				6AFAD76328FFAE790048EB2F /* GoogleService-Info.plist in Resources */,
				6A292D5728F385680068C727 /* Assets.xcassets in Resources */,
				6A292D5528F385670068C727 /* Main.storyboard in Resources */,
			);
			runOnlyForDeploymentPostprocessing = 0;
		};
/* End PBXResourcesBuildPhase section */

/* Begin PBXSourcesBuildPhase section */
		6A292D4628F385670068C727 /* Sources */ = {
			isa = PBXSourcesBuildPhase;
			buildActionMask = 2147483647;
			files = (
				6AFAD75E28FFADDD0048EB2F /* IQNSArray+Sort.swift in Sources */,
				6AFAD75728FFADDD0048EB2F /* IQKeyboardManager+Debug.swift in Sources */,
				6A292D5228F385670068C727 /* ViewController.swift in Sources */,
				6A2E990D29107089006D06DF /* DeleteAccountViewController.swift in Sources */,
				6AB1F08E2919D81900F94C5C /* AddCommentViewController.swift in Sources */,
				6AFAD75328FFADDD0048EB2F /* IQKeyboardManagerConstants.swift in Sources */,
				6A292D4E28F385670068C727 /* AppDelegate.swift in Sources */,
				6AFAD74928FFADDD0048EB2F /* IQTextView.swift in Sources */,
				6AFAD75528FFADDD0048EB2F /* IQKeyboardReturnKeyHandler.swift in Sources */,
				6AFAD74B28FFADDD0048EB2F /* IQPreviousNextView.swift in Sources */,
				6AFAD75628FFADDD0048EB2F /* IQKeyboardManager.swift in Sources */,
				88A231942919C77000755476 /* UIImageExtensions.swift in Sources */,
				9C5E1FF428FF6E2E008A3DDB /* AboutViewController.swift in Sources */,
				9C24794128FF429200AF9264 /* ProfileViewController.swift in Sources */,
				6A34E9F328FF391D00699A74 /* SettingsViewController.swift in Sources */,
				6AFAD75D28FFADDD0048EB2F /* IQUIView+Hierarchy.swift in Sources */,
				88751CAC2917348A00C88B18 /* UIViewControllerExtensions.swift in Sources */,
				6A9DA6EF28F9280800B36BE6 /* SignUpViewController.swift in Sources */,
				886D468528FE5AFD00CB59FB /* PostViewController.swift in Sources */,
				6AFAD75428FFADDD0048EB2F /* IQKeyboardManager+Position.swift in Sources */,
				6AFAD75C28FFADDD0048EB2F /* IQUITextFieldView+Additions.swift in Sources */,
				6AFAD75828FFADDD0048EB2F /* IQKeyboardManager+OrientationNotification.swift in Sources */,
				6AFAD75028FFADDD0048EB2F /* IQInvocation.swift in Sources */,
				6AFAD74D28FFADDD0048EB2F /* IQBarButtonItem.swift in Sources */,
				88A231842919C37F00755476 /* ErrorMessage.swift in Sources */,
				6AFAD75B28FFADDD0048EB2F /* IQUIViewController+Additions.swift in Sources */,
				6AFAD75228FFADDD0048EB2F /* IQKeyboardManagerConstantsInternal.swift in Sources */,
				88A231922919C57F00755476 /* UIButtonExtensions.swift in Sources */,
				6AFAD74C28FFADDD0048EB2F /* IQTitleBarButtonItem.swift in Sources */,
				6AFAD75928FFADDD0048EB2F /* IQKeyboardManager+Toolbar.swift in Sources */,
				6AFAD74F28FFADDD0048EB2F /* IQUIView+IQKeyboardToolbar.swift in Sources */,
				6AFAD75128FFADDD0048EB2F /* IQKeyboardManager+UIKeyboardNotification.swift in Sources */,
				88B52FE428F92A6C00A0BE08 /* LoginViewController.swift in Sources */,
				6AFAD75F28FFADDD0048EB2F /* IQKeyboardManager+UITextFieldViewNotification.swift in Sources */,
				6A2E991129108F9A006D06DF /* SignOutListenerViewController.swift in Sources */,
				6A292D5028F385670068C727 /* SceneDelegate.swift in Sources */,
				886D468D28FF823700CB59FB /* PostCardViewController.swift in Sources */,
				6AFAD75A28FFADDD0048EB2F /* IQUIScrollView+Additions.swift in Sources */,
				6A2E990F29108A7B006D06DF /* SignInListenerViewController.swift in Sources */,
				886D468328FE4CBB00CB59FB /* Post.swift in Sources */,
				886D468128FE2B6400CB59FB /* HomeTabBarController.swift in Sources */,
				9C24794328FF519E00AF9264 /* User.swift in Sources */,
				6AFAD76128FFADE60048EB2F /* PostCreationViewController.swift in Sources */,
				6AFAD74E28FFADDD0048EB2F /* IQToolbar.swift in Sources */,
				886D468728FF51F800CB59FB /* Comment.swift in Sources */,
				886D467F28FA3D6000CB59FB /* FeedViewController.swift in Sources */,
				6AFAD74A28FFADDD0048EB2F /* IQKeyboardManager+Internal.swift in Sources */,
			);
			runOnlyForDeploymentPostprocessing = 0;
		};
/* End PBXSourcesBuildPhase section */

/* Begin PBXVariantGroup section */
		6A292D5328F385670068C727 /* Main.storyboard */ = {
			isa = PBXVariantGroup;
			children = (
				6A292D5428F385670068C727 /* Base */,
			);
			name = Main.storyboard;
			sourceTree = "<group>";
		};
		6A292D5828F385680068C727 /* LaunchScreen.storyboard */ = {
			isa = PBXVariantGroup;
			children = (
				6A292D5928F385680068C727 /* Base */,
			);
			name = LaunchScreen.storyboard;
			sourceTree = "<group>";
		};
/* End PBXVariantGroup section */

/* Begin XCBuildConfiguration section */
		6A292D5C28F385680068C727 /* Debug */ = {
			isa = XCBuildConfiguration;
			buildSettings = {
				ALWAYS_SEARCH_USER_PATHS = NO;
				CLANG_ANALYZER_NONNULL = YES;
				CLANG_ANALYZER_NUMBER_OBJECT_CONVERSION = YES_AGGRESSIVE;
				CLANG_CXX_LANGUAGE_STANDARD = "gnu++17";
				CLANG_ENABLE_MODULES = YES;
				CLANG_ENABLE_OBJC_ARC = YES;
				CLANG_ENABLE_OBJC_WEAK = YES;
				CLANG_WARN_BLOCK_CAPTURE_AUTORELEASING = YES;
				CLANG_WARN_BOOL_CONVERSION = YES;
				CLANG_WARN_COMMA = YES;
				CLANG_WARN_CONSTANT_CONVERSION = YES;
				CLANG_WARN_DEPRECATED_OBJC_IMPLEMENTATIONS = YES;
				CLANG_WARN_DIRECT_OBJC_ISA_USAGE = YES_ERROR;
				CLANG_WARN_DOCUMENTATION_COMMENTS = YES;
				CLANG_WARN_EMPTY_BODY = YES;
				CLANG_WARN_ENUM_CONVERSION = YES;
				CLANG_WARN_INFINITE_RECURSION = YES;
				CLANG_WARN_INT_CONVERSION = YES;
				CLANG_WARN_NON_LITERAL_NULL_CONVERSION = YES;
				CLANG_WARN_OBJC_IMPLICIT_RETAIN_SELF = YES;
				CLANG_WARN_OBJC_LITERAL_CONVERSION = YES;
				CLANG_WARN_OBJC_ROOT_CLASS = YES_ERROR;
				CLANG_WARN_QUOTED_INCLUDE_IN_FRAMEWORK_HEADER = YES;
				CLANG_WARN_RANGE_LOOP_ANALYSIS = YES;
				CLANG_WARN_STRICT_PROTOTYPES = YES;
				CLANG_WARN_SUSPICIOUS_MOVE = YES;
				CLANG_WARN_UNGUARDED_AVAILABILITY = YES_AGGRESSIVE;
				CLANG_WARN_UNREACHABLE_CODE = YES;
				CLANG_WARN__DUPLICATE_METHOD_MATCH = YES;
				COPY_PHASE_STRIP = NO;
				DEBUG_INFORMATION_FORMAT = dwarf;
				ENABLE_STRICT_OBJC_MSGSEND = YES;
				ENABLE_TESTABILITY = YES;
				GCC_C_LANGUAGE_STANDARD = gnu11;
				GCC_DYNAMIC_NO_PIC = NO;
				GCC_NO_COMMON_BLOCKS = YES;
				GCC_OPTIMIZATION_LEVEL = 0;
				GCC_PREPROCESSOR_DEFINITIONS = (
					"DEBUG=1",
					"$(inherited)",
				);
				GCC_WARN_64_TO_32_BIT_CONVERSION = YES;
				GCC_WARN_ABOUT_RETURN_TYPE = YES_ERROR;
				GCC_WARN_UNDECLARED_SELECTOR = YES;
				GCC_WARN_UNINITIALIZED_AUTOS = YES_AGGRESSIVE;
				GCC_WARN_UNUSED_FUNCTION = YES;
				GCC_WARN_UNUSED_VARIABLE = YES;
				IPHONEOS_DEPLOYMENT_TARGET = 15.5;
				MTL_ENABLE_DEBUG_INFO = INCLUDE_SOURCE;
				MTL_FAST_MATH = YES;
				ONLY_ACTIVE_ARCH = YES;
				SDKROOT = iphoneos;
				SWIFT_ACTIVE_COMPILATION_CONDITIONS = DEBUG;
				SWIFT_OPTIMIZATION_LEVEL = "-Onone";
			};
			name = Debug;
		};
		6A292D5D28F385680068C727 /* Release */ = {
			isa = XCBuildConfiguration;
			buildSettings = {
				ALWAYS_SEARCH_USER_PATHS = NO;
				CLANG_ANALYZER_NONNULL = YES;
				CLANG_ANALYZER_NUMBER_OBJECT_CONVERSION = YES_AGGRESSIVE;
				CLANG_CXX_LANGUAGE_STANDARD = "gnu++17";
				CLANG_ENABLE_MODULES = YES;
				CLANG_ENABLE_OBJC_ARC = YES;
				CLANG_ENABLE_OBJC_WEAK = YES;
				CLANG_WARN_BLOCK_CAPTURE_AUTORELEASING = YES;
				CLANG_WARN_BOOL_CONVERSION = YES;
				CLANG_WARN_COMMA = YES;
				CLANG_WARN_CONSTANT_CONVERSION = YES;
				CLANG_WARN_DEPRECATED_OBJC_IMPLEMENTATIONS = YES;
				CLANG_WARN_DIRECT_OBJC_ISA_USAGE = YES_ERROR;
				CLANG_WARN_DOCUMENTATION_COMMENTS = YES;
				CLANG_WARN_EMPTY_BODY = YES;
				CLANG_WARN_ENUM_CONVERSION = YES;
				CLANG_WARN_INFINITE_RECURSION = YES;
				CLANG_WARN_INT_CONVERSION = YES;
				CLANG_WARN_NON_LITERAL_NULL_CONVERSION = YES;
				CLANG_WARN_OBJC_IMPLICIT_RETAIN_SELF = YES;
				CLANG_WARN_OBJC_LITERAL_CONVERSION = YES;
				CLANG_WARN_OBJC_ROOT_CLASS = YES_ERROR;
				CLANG_WARN_QUOTED_INCLUDE_IN_FRAMEWORK_HEADER = YES;
				CLANG_WARN_RANGE_LOOP_ANALYSIS = YES;
				CLANG_WARN_STRICT_PROTOTYPES = YES;
				CLANG_WARN_SUSPICIOUS_MOVE = YES;
				CLANG_WARN_UNGUARDED_AVAILABILITY = YES_AGGRESSIVE;
				CLANG_WARN_UNREACHABLE_CODE = YES;
				CLANG_WARN__DUPLICATE_METHOD_MATCH = YES;
				COPY_PHASE_STRIP = NO;
				DEBUG_INFORMATION_FORMAT = "dwarf-with-dsym";
				ENABLE_NS_ASSERTIONS = NO;
				ENABLE_STRICT_OBJC_MSGSEND = YES;
				GCC_C_LANGUAGE_STANDARD = gnu11;
				GCC_NO_COMMON_BLOCKS = YES;
				GCC_WARN_64_TO_32_BIT_CONVERSION = YES;
				GCC_WARN_ABOUT_RETURN_TYPE = YES_ERROR;
				GCC_WARN_UNDECLARED_SELECTOR = YES;
				GCC_WARN_UNINITIALIZED_AUTOS = YES_AGGRESSIVE;
				GCC_WARN_UNUSED_FUNCTION = YES;
				GCC_WARN_UNUSED_VARIABLE = YES;
				IPHONEOS_DEPLOYMENT_TARGET = 15.5;
				MTL_ENABLE_DEBUG_INFO = NO;
				MTL_FAST_MATH = YES;
				SDKROOT = iphoneos;
				SWIFT_COMPILATION_MODE = wholemodule;
				SWIFT_OPTIMIZATION_LEVEL = "-O";
				VALIDATE_PRODUCT = YES;
			};
			name = Release;
		};
		6A292D5F28F385680068C727 /* Debug */ = {
			isa = XCBuildConfiguration;
			buildSettings = {
				ASSETCATALOG_COMPILER_APPICON_NAME = AppIcon;
				ASSETCATALOG_COMPILER_GLOBAL_ACCENT_COLOR_NAME = AccentColor;
				CODE_SIGN_STYLE = Automatic;
				CURRENT_PROJECT_VERSION = 1;
				DEVELOPMENT_TEAM = SXDY372T6M;
				GENERATE_INFOPLIST_FILE = YES;
				INFOPLIST_FILE = crumbs/Info.plist;
				INFOPLIST_KEY_UIApplicationSupportsIndirectInputEvents = YES;
				INFOPLIST_KEY_UILaunchStoryboardName = LaunchScreen;
				INFOPLIST_KEY_UIMainStoryboardFile = Main;
				INFOPLIST_KEY_UISupportedInterfaceOrientations_iPad = "UIInterfaceOrientationPortrait UIInterfaceOrientationPortraitUpsideDown UIInterfaceOrientationLandscapeLeft UIInterfaceOrientationLandscapeRight";
				INFOPLIST_KEY_UISupportedInterfaceOrientations_iPhone = "UIInterfaceOrientationPortrait UIInterfaceOrientationLandscapeLeft UIInterfaceOrientationLandscapeRight";
				LD_RUNPATH_SEARCH_PATHS = (
					"$(inherited)",
					"@executable_path/Frameworks",
				);
				MARKETING_VERSION = 1.0;
				PRODUCT_BUNDLE_IDENTIFIER = cs371.crumbs;
				PRODUCT_NAME = "$(TARGET_NAME)";
				SWIFT_EMIT_LOC_STRINGS = YES;
				SWIFT_VERSION = 5.0;
				TARGETED_DEVICE_FAMILY = "1,2";
			};
			name = Debug;
		};
		6A292D6028F385680068C727 /* Release */ = {
			isa = XCBuildConfiguration;
			buildSettings = {
				ASSETCATALOG_COMPILER_APPICON_NAME = AppIcon;
				ASSETCATALOG_COMPILER_GLOBAL_ACCENT_COLOR_NAME = AccentColor;
				CODE_SIGN_STYLE = Automatic;
				CURRENT_PROJECT_VERSION = 1;
				DEVELOPMENT_TEAM = SXDY372T6M;
				GENERATE_INFOPLIST_FILE = YES;
				INFOPLIST_FILE = crumbs/Info.plist;
				INFOPLIST_KEY_UIApplicationSupportsIndirectInputEvents = YES;
				INFOPLIST_KEY_UILaunchStoryboardName = LaunchScreen;
				INFOPLIST_KEY_UIMainStoryboardFile = Main;
				INFOPLIST_KEY_UISupportedInterfaceOrientations_iPad = "UIInterfaceOrientationPortrait UIInterfaceOrientationPortraitUpsideDown UIInterfaceOrientationLandscapeLeft UIInterfaceOrientationLandscapeRight";
				INFOPLIST_KEY_UISupportedInterfaceOrientations_iPhone = "UIInterfaceOrientationPortrait UIInterfaceOrientationLandscapeLeft UIInterfaceOrientationLandscapeRight";
				LD_RUNPATH_SEARCH_PATHS = (
					"$(inherited)",
					"@executable_path/Frameworks",
				);
				MARKETING_VERSION = 1.0;
				PRODUCT_BUNDLE_IDENTIFIER = cs371.crumbs;
				PRODUCT_NAME = "$(TARGET_NAME)";
				SWIFT_EMIT_LOC_STRINGS = YES;
				SWIFT_VERSION = 5.0;
				TARGETED_DEVICE_FAMILY = "1,2";
			};
			name = Release;
		};
/* End XCBuildConfiguration section */

/* Begin XCConfigurationList section */
		6A292D4528F385670068C727 /* Build configuration list for PBXProject "crumbs" */ = {
			isa = XCConfigurationList;
			buildConfigurations = (
				6A292D5C28F385680068C727 /* Debug */,
				6A292D5D28F385680068C727 /* Release */,
			);
			defaultConfigurationIsVisible = 0;
			defaultConfigurationName = Release;
		};
		6A292D5E28F385680068C727 /* Build configuration list for PBXNativeTarget "crumbs" */ = {
			isa = XCConfigurationList;
			buildConfigurations = (
				6A292D5F28F385680068C727 /* Debug */,
				6A292D6028F385680068C727 /* Release */,
			);
			defaultConfigurationIsVisible = 0;
			defaultConfigurationName = Release;
		};
/* End XCConfigurationList section */

/* Begin XCRemoteSwiftPackageReference section */
		6AFAD76428FFAEDF0048EB2F /* XCRemoteSwiftPackageReference "firebase-ios-sdk" */ = {
			isa = XCRemoteSwiftPackageReference;
			repositoryURL = "https://github.com/firebase/firebase-ios-sdk";
			requirement = {
				kind = upToNextMajorVersion;
				minimumVersion = 9.0.0;
			};
		};
/* End XCRemoteSwiftPackageReference section */

/* Begin XCSwiftPackageProductDependency section */
		6AFAD76528FFAEDF0048EB2F /* FirebaseAuth */ = {
			isa = XCSwiftPackageProductDependency;
			package = 6AFAD76428FFAEDF0048EB2F /* XCRemoteSwiftPackageReference "firebase-ios-sdk" */;
			productName = FirebaseAuth;
		};
		6AFAD76728FFAEDF0048EB2F /* FirebaseFirestore */ = {
			isa = XCSwiftPackageProductDependency;
			package = 6AFAD76428FFAEDF0048EB2F /* XCRemoteSwiftPackageReference "firebase-ios-sdk" */;
			productName = FirebaseFirestore;
		};
		88A2318F2919C44A00755476 /* FirebaseStorage */ = {
			isa = XCSwiftPackageProductDependency;
			package = 6AFAD76428FFAEDF0048EB2F /* XCRemoteSwiftPackageReference "firebase-ios-sdk" */;
			productName = FirebaseStorage;
		};
/* End XCSwiftPackageProductDependency section */
	};
	rootObject = 6A292D4228F385670068C727 /* Project object */;
}
